# This file is automatically @generated by Cargo.
# It is not intended for manual editing.
version = 4

[[package]]
name = "leanvm-chips"
version = "0.1.0"

[[package]]
name = "leanvm-circuits"
version = "0.1.0"

[[package]]
name = "leanvm-cli"
version = "0.1.0"

[[package]]
name = "leanvm-elf"
version = "0.1.0"

[[package]]
name = "leanvm-emulator"
version = "0.1.0"

[[package]]
name = "leanvm-isa"
version = "0.1.0"

[[package]]
name = "leanvm-memory"
version = "0.1.0"

[[package]]
name = "leanvm-precompiles"
version = "0.1.0"

[[package]]
name = "leanvm-prover"
version = "0.1.0"

[[package]]
name = "leanvm-riscv"
version = "0.1.0"
